
Microsoft Visual Studio Solution File, Format Version 12.00
# Visual Studio Version 16
VisualStudioVersion = 16.0.30128.74
MinimumVisualStudioVersion = 10.0.40219.1
Project("{FAE04EC0-301F-11D3-BF4B-00C04F79EFBC}") = "AutomationDesigner", "AutomationDesigner\AutomationDesigner.csproj", "{78D0570C-581B-430A-ADF5-E9D810532210}"
EndProject
Global
	GlobalSection(SolutionConfigurationPlatforms) = preSolution
		Debug|Any CPU = Debug|Any CPU
		Release|Any CPU = Release|Any CPU
	EndGlobalSection
	GlobalSection(ProjectConfigurationPlatforms) = postSolution
		{78D0570C-581B-430A-ADF5-E9D810532210}.Debug|Any CPU.ActiveCfg = Debug|Any CPU
		{78D0570C-581B-430A-ADF5-E9D810532210}.Debug|Any CPU.Build.0 = Debug|Any CPU
		{78D0570C-581B-430A-ADF5-E9D810532210}.Release|Any CPU.ActiveCfg = Release|Any CPU
		{78D0570C-581B-430A-ADF5-E9D810532210}.Release|Any CPU.Build.0 = Release|Any CPU
	EndGlobalSection
	GlobalSection(SolutionProperties) = preSolution
		HideSolutionNode = FALSE
	EndGlobalSection
	GlobalSection(ExtensibilityGlobals) = postSolution
		SolutionGuid = {FEC7ACEE-DC6D-4124-81B6-F10D4B5240F9}
	EndGlobalSection
EndGlobal
